
Microsoft Visual Studio Solution File, Format Version 12.00
# Visual Studio Version 16
VisualStudioVersion = 16.0.30204.135
MinimumVisualStudioVersion = 10.0.40219.1
Project("{FAE04EC0-301F-11D3-BF4B-00C04F79EFBC}") = "WebApplication1", "WebApplication1\WebApplication1.csproj", "{C94FF975-F220-4588-A2F9-196638D0E40A}"
EndProject
Project("{FAE04EC0-301F-11D3-BF4B-00C04F79EFBC}") = "XUnitTestProject1", "XUnitTestProject1\XUnitTestProject1.csproj", "{BAEB00DC-BBA2-4D8B-B01E-44D64144ED81}"
EndProject
Global
	GlobalSection(SolutionConfigurationPlatforms) = preSolution
		Debug|Any CPU = Debug|Any CPU
		Release|Any CPU = Release|Any CPU
	EndGlobalSection
	GlobalSection(ProjectConfigurationPlatforms) = postSolution
		{C94FF975-F220-4588-A2F9-196638D0E40A}.Debug|Any CPU.ActiveCfg = Debug|Any CPU
		{C94FF975-F220-4588-A2F9-196638D0E40A}.Debug|Any CPU.Build.0 = Debug|Any CPU
		{C94FF975-F220-4588-A2F9-196638D0E40A}.Release|Any CPU.ActiveCfg = Release|Any CPU
		{C94FF975-F220-4588-A2F9-196638D0E40A}.Release|Any CPU.Build.0 = Release|Any CPU
		{BAEB00DC-BBA2-4D8B-B01E-44D64144ED81}.Debug|Any CPU.ActiveCfg = Debug|Any CPU
		{BAEB00DC-BBA2-4D8B-B01E-44D64144ED81}.Debug|Any CPU.Build.0 = Debug|Any CPU
		{BAEB00DC-BBA2-4D8B-B01E-44D64144ED81}.Release|Any CPU.ActiveCfg = Release|Any CPU
		{BAEB00DC-BBA2-4D8B-B01E-44D64144ED81}.Release|Any CPU.Build.0 = Release|Any CPU
	EndGlobalSection
	GlobalSection(SolutionProperties) = preSolution
		HideSolutionNode = FALSE
	EndGlobalSection
	GlobalSection(ExtensibilityGlobals) = postSolution
		SolutionGuid = {D387CD76-944D-4720-94A9-04654EB02E96}
	EndGlobalSection
EndGlobal
